
Microsoft Visual Studio Solution File, Format Version 11.00
# Visual Studio 2010
Project("{FAE04EC0-301F-11D3-BF4B-00C04F79EFBC}") = "Top Down Shooter Template", "Assembly-CSharp-firstpass.csproj", "{7D02631C-9306-F72A-D2B5-AF87CCA84667}"
EndProject
Project("{FAE04EC0-301F-11D3-BF4B-00C04F79EFBC}") = "Top Down Shooter Template", "Assembly-CSharp.csproj", "{8256E2A5-A85B-536E-552A-4DC7BEAB1584}"
EndProject
Project("{FAE04EC0-301F-11D3-BF4B-00C04F79EFBC}") = "Top Down Shooter Template", "Assembly-CSharp-Editor-firstpass.csproj", "{2908064B-29CB-AFBE-3322-7FDB8EA31FCE}"
EndProject
Global
	GlobalSection(SolutionConfigurationPlatforms) = preSolution
		Debug|Any CPU = Debug|Any CPU
		Release|Any CPU = Release|Any CPU
	EndGlobalSection
	GlobalSection(ProjectConfigurationPlatforms) = postSolution
		{7D02631C-9306-F72A-D2B5-AF87CCA84667}.Debug|Any CPU.ActiveCfg = Debug|Any CPU
		{7D02631C-9306-F72A-D2B5-AF87CCA84667}.Debug|Any CPU.Build.0 = Debug|Any CPU
		{7D02631C-9306-F72A-D2B5-AF87CCA84667}.Release|Any CPU.ActiveCfg = Release|Any CPU
		{7D02631C-9306-F72A-D2B5-AF87CCA84667}.Release|Any CPU.Build.0 = Release|Any CPU
		{8256E2A5-A85B-536E-552A-4DC7BEAB1584}.Debug|Any CPU.ActiveCfg = Debug|Any CPU
		{8256E2A5-A85B-536E-552A-4DC7BEAB1584}.Debug|Any CPU.Build.0 = Debug|Any CPU
		{8256E2A5-A85B-536E-552A-4DC7BEAB1584}.Release|Any CPU.ActiveCfg = Release|Any CPU
		{8256E2A5-A85B-536E-552A-4DC7BEAB1584}.Release|Any CPU.Build.0 = Release|Any CPU
		{2908064B-29CB-AFBE-3322-7FDB8EA31FCE}.Debug|Any CPU.ActiveCfg = Debug|Any CPU
		{2908064B-29CB-AFBE-3322-7FDB8EA31FCE}.Debug|Any CPU.Build.0 = Debug|Any CPU
		{2908064B-29CB-AFBE-3322-7FDB8EA31FCE}.Release|Any CPU.ActiveCfg = Release|Any CPU
		{2908064B-29CB-AFBE-3322-7FDB8EA31FCE}.Release|Any CPU.Build.0 = Release|Any CPU
	EndGlobalSection
	GlobalSection(SolutionProperties) = preSolution
		HideSolutionNode = FALSE
	EndGlobalSection
	GlobalSection(MonoDevelopProperties) = preSolution
		StartupItem = Assembly-CSharp.csproj
	EndGlobalSection
EndGlobal
